PODS:
  - pop (1.0.12)
  - PopBounceButton (1.2.2):
    - pop (~> 1.0)

DEPENDENCIES:
  - PopBounceButton

SPEC REPOS:
  trunk:
    - pop
    - PopBounceButton

SPEC CHECKSUMS:
  pop: d582054913807fd11fd50bfe6a539d91c7e1a55a
  PopBounceButton: 34105a012678222f058f8d2621672724a3d5c9fb

PODFILE CHECKSUM: 9c2ee75924794e147e9cb1b0c1855d1f5f7d234b

COCOAPODS: 1.11.3
